# This file is autogenerated, do not edit; changes may be undone by the next 'dep ensure'.


[[projects]]
  branch = "master"
  name = "github.com/davecgh/go-spew"
  packages = ["spew"]
  revision = "5215b55f46b2b919f50a1df0eaa5886afe4e3b3d"

[[projects]]
  branch = "master"
  name = "github.com/gorilla/rpc"
  packages = [
    "v2",
    "v2/json2"
  ]
  revision = "22c016f3df3febe0c1f6727598b6389507e03a18"

[[projects]]
  branch = "master"
  name = "github.com/pmezard/go-difflib"
  packages = ["difflib"]
  revision = "e8554b8641db39598be7f6342874b958f12ae1d4"

[[projects]]
  branch = "master"
  name = "github.com/stretchr/testify"
  packages = ["assert"]
  revision = "e3a8ff8ce36581f87a15341206f205b1da467059"

[solve-meta]
  analyzer-name = "dep"
  analyzer-version = 1
  inputs-digest = "60d07b8969098cab139c5057fa410f8cfbf2cf1d8d651930784a74f3df9ddcc7"
  solver-name = "gps-cdcl"
  solver-version = 1
